
Microsoft Visual Studio Solution File, Format Version 12.00
# Visual Studio 2013
VisualStudioVersion = 12.0.40629.0
MinimumVisualStudioVersion = 10.0.40219.1
Project("{FAE04EC0-301F-11D3-BF4B-00C04F79EFBC}") = "DataG", "DataG\DataG.csproj", "{FB97EB10-3033-4160-B1E5-8FFF22DB3611}"
EndProject
Project("{54435603-DBB4-11D2-8724-00A0C9A8B90C}") = "Data_Graph_Setup", "Data_Graph_Setup\Data_Graph_Setup.vdproj", "{656BCF62-36CA-4820-BA28-17A4358EFE1D}"
EndProject
Global
	GlobalSection(SolutionConfigurationPlatforms) = preSolution
		Debug|Any CPU = Debug|Any CPU
		Release|Any CPU = Release|Any CPU
	EndGlobalSection
	GlobalSection(ProjectConfigurationPlatforms) = postSolution
		{FB97EB10-3033-4160-B1E5-8FFF22DB3611}.Debug|Any CPU.ActiveCfg = Debug|Any CPU
		{FB97EB10-3033-4160-B1E5-8FFF22DB3611}.Debug|Any CPU.Build.0 = Debug|Any CPU
		{FB97EB10-3033-4160-B1E5-8FFF22DB3611}.Release|Any CPU.ActiveCfg = Release|Any CPU
		{FB97EB10-3033-4160-B1E5-8FFF22DB3611}.Release|Any CPU.Build.0 = Release|Any CPU
		{656BCF62-36CA-4820-BA28-17A4358EFE1D}.Debug|Any CPU.ActiveCfg = Debug
		{656BCF62-36CA-4820-BA28-17A4358EFE1D}.Release|Any CPU.ActiveCfg = Release
	EndGlobalSection
	GlobalSection(SolutionProperties) = preSolution
		HideSolutionNode = FALSE
	EndGlobalSection
EndGlobal
